
Microsoft Visual Studio Solution File, Format Version 12.00
# Visual Studio Version 16
VisualStudioVersion = 16.0.28803.352
MinimumVisualStudioVersion = 10.0.40219.1
Project("{FAE04EC0-301F-11D3-BF4B-00C04F79EFBC}") = "eAccordeon", "eAccordeon.csproj", "{2508FF87-7FEF-4C96-A9EE-323E4645B1EE}"
EndProject
Global
	GlobalSection(SolutionConfigurationPlatforms) = preSolution
		Debug|Any CPU = Debug|Any CPU
		Release|Any CPU = Release|Any CPU
	EndGlobalSection
	GlobalSection(ProjectConfigurationPlatforms) = postSolution
		{2508FF87-7FEF-4C96-A9EE-323E4645B1EE}.Debug|Any CPU.ActiveCfg = Debug|Any CPU
		{2508FF87-7FEF-4C96-A9EE-323E4645B1EE}.Debug|Any CPU.Build.0 = Debug|Any CPU
		{2508FF87-7FEF-4C96-A9EE-323E4645B1EE}.Release|Any CPU.ActiveCfg = Release|Any CPU
		{2508FF87-7FEF-4C96-A9EE-323E4645B1EE}.Release|Any CPU.Build.0 = Release|Any CPU
	EndGlobalSection
	GlobalSection(SolutionProperties) = preSolution
		HideSolutionNode = FALSE
	EndGlobalSection
	GlobalSection(ExtensibilityGlobals) = postSolution
		SolutionGuid = {1923532E-2490-4CE0-991B-CC0413B55E7E}
	EndGlobalSection
EndGlobal
